
Microsoft Visual Studio Solution File, Format Version 12.00
# Visual Studio Version 16
VisualStudioVersion = 16.0.30717.126
MinimumVisualStudioVersion = 10.0.40219.1
Project("{FAE04EC0-301F-11D3-BF4B-00C04F79EFBC}") = "CustomerAPI", "CustomerAPI\CustomerAPI.csproj", "{3496CB06-1688-441B-AECF-77034886BF33}"
EndProject
Project("{2150E333-8FDC-42A3-9474-1A3956D46DE8}") = "Api", "Api", "{CD059BCE-7EE8-47A9-AC30-CF2ADBF146D5}"
EndProject
Project("{FAE04EC0-301F-11D3-BF4B-00C04F79EFBC}") = "CustomerAPI.Data", "CustomerAPI.Data\CustomerAPI.Data.csproj", "{44F45119-BA5F-4D31-8228-1304013D9C9E}"
EndProject
Project("{2150E333-8FDC-42A3-9474-1A3956D46DE8}") = "Tests", "Tests", "{16D38FB4-E43B-4453-AA5F-89E33EC14BB5}"
EndProject
Project("{FAE04EC0-301F-11D3-BF4B-00C04F79EFBC}") = "CustomerAPI.Data.Test", "CustomerAPI.Data.Test\CustomerAPI.Data.Test.csproj", "{701BE5F7-8A38-4846-A68B-253A79D24EE9}"
EndProject
Project("{FAE04EC0-301F-11D3-BF4B-00C04F79EFBC}") = "CustomerAPI.Service", "CustomerAPI.Service\CustomerAPI.Service.csproj", "{CE1C615D-8E55-4D13-9E87-A64D68E83911}"
EndProject
Project("{FAE04EC0-301F-11D3-BF4B-00C04F79EFBC}") = "CustomerAPI.Service.Test", "CustomerAPI.Service.Test\CustomerAPI.Service.Test.csproj", "{9894F8BE-91EC-49E1-93C1-397B2E8E6B53}"
EndProject
Project("{FAE04EC0-301F-11D3-BF4B-00C04F79EFBC}") = "CustomerAPI.Test", "CustomerAPI.Test\CustomerAPI.Test.csproj", "{44E7FA50-6790-47F2-9788-C8ECCADEE179}"
EndProject
Project("{FAE04EC0-301F-11D3-BF4B-00C04F79EFBC}") = "CustomerAPI.Domain", "CustomerAPI.Domain\CustomerAPI.Domain.csproj", "{513C5B02-A210-4841-995C-61508099670B}"
EndProject
Project("{FAE04EC0-301F-11D3-BF4B-00C04F79EFBC}") = "CustomerAPI.Messaging.Send", "CustomerAPI.Messaging.Send\CustomerAPI.Messaging.Send.csproj", "{D208A733-44C8-4A5C-BE18-7F176096C2F2}"
EndProject
Global
	GlobalSection(SolutionConfigurationPlatforms) = preSolution
		Debug|Any CPU = Debug|Any CPU
		Release|Any CPU = Release|Any CPU
	EndGlobalSection
	GlobalSection(ProjectConfigurationPlatforms) = postSolution
		{3496CB06-1688-441B-AECF-77034886BF33}.Debug|Any CPU.ActiveCfg = Debug|Any CPU
		{3496CB06-1688-441B-AECF-77034886BF33}.Debug|Any CPU.Build.0 = Debug|Any CPU
		{3496CB06-1688-441B-AECF-77034886BF33}.Release|Any CPU.ActiveCfg = Release|Any CPU
		{3496CB06-1688-441B-AECF-77034886BF33}.Release|Any CPU.Build.0 = Release|Any CPU
		{44F45119-BA5F-4D31-8228-1304013D9C9E}.Debug|Any CPU.ActiveCfg = Debug|Any CPU
		{44F45119-BA5F-4D31-8228-1304013D9C9E}.Debug|Any CPU.Build.0 = Debug|Any CPU
		{44F45119-BA5F-4D31-8228-1304013D9C9E}.Release|Any CPU.ActiveCfg = Release|Any CPU
		{44F45119-BA5F-4D31-8228-1304013D9C9E}.Release|Any CPU.Build.0 = Release|Any CPU
		{701BE5F7-8A38-4846-A68B-253A79D24EE9}.Debug|Any CPU.ActiveCfg = Debug|Any CPU
		{701BE5F7-8A38-4846-A68B-253A79D24EE9}.Debug|Any CPU.Build.0 = Debug|Any CPU
		{701BE5F7-8A38-4846-A68B-253A79D24EE9}.Release|Any CPU.ActiveCfg = Release|Any CPU
		{701BE5F7-8A38-4846-A68B-253A79D24EE9}.Release|Any CPU.Build.0 = Release|Any CPU
		{CE1C615D-8E55-4D13-9E87-A64D68E83911}.Debug|Any CPU.ActiveCfg = Debug|Any CPU
		{CE1C615D-8E55-4D13-9E87-A64D68E83911}.Debug|Any CPU.Build.0 = Debug|Any CPU
		{CE1C615D-8E55-4D13-9E87-A64D68E83911}.Release|Any CPU.ActiveCfg = Release|Any CPU
		{CE1C615D-8E55-4D13-9E87-A64D68E83911}.Release|Any CPU.Build.0 = Release|Any CPU
		{9894F8BE-91EC-49E1-93C1-397B2E8E6B53}.Debug|Any CPU.ActiveCfg = Debug|Any CPU
		{9894F8BE-91EC-49E1-93C1-397B2E8E6B53}.Debug|Any CPU.Build.0 = Debug|Any CPU
		{9894F8BE-91EC-49E1-93C1-397B2E8E6B53}.Release|Any CPU.ActiveCfg = Release|Any CPU
		{9894F8BE-91EC-49E1-93C1-397B2E8E6B53}.Release|Any CPU.Build.0 = Release|Any CPU
		{44E7FA50-6790-47F2-9788-C8ECCADEE179}.Debug|Any CPU.ActiveCfg = Debug|Any CPU
		{44E7FA50-6790-47F2-9788-C8ECCADEE179}.Debug|Any CPU.Build.0 = Debug|Any CPU
		{44E7FA50-6790-47F2-9788-C8ECCADEE179}.Release|Any CPU.ActiveCfg = Release|Any CPU
		{44E7FA50-6790-47F2-9788-C8ECCADEE179}.Release|Any CPU.Build.0 = Release|Any CPU
		{513C5B02-A210-4841-995C-61508099670B}.Debug|Any CPU.ActiveCfg = Debug|Any CPU
		{513C5B02-A210-4841-995C-61508099670B}.Debug|Any CPU.Build.0 = Debug|Any CPU
		{513C5B02-A210-4841-995C-61508099670B}.Release|Any CPU.ActiveCfg = Release|Any CPU
		{513C5B02-A210-4841-995C-61508099670B}.Release|Any CPU.Build.0 = Release|Any CPU
		{D208A733-44C8-4A5C-BE18-7F176096C2F2}.Debug|Any CPU.ActiveCfg = Debug|Any CPU
		{D208A733-44C8-4A5C-BE18-7F176096C2F2}.Debug|Any CPU.Build.0 = Debug|Any CPU
		{D208A733-44C8-4A5C-BE18-7F176096C2F2}.Release|Any CPU.ActiveCfg = Release|Any CPU
		{D208A733-44C8-4A5C-BE18-7F176096C2F2}.Release|Any CPU.Build.0 = Release|Any CPU
	EndGlobalSection
	GlobalSection(SolutionProperties) = preSolution
		HideSolutionNode = FALSE
	EndGlobalSection
	GlobalSection(NestedProjects) = preSolution
		{3496CB06-1688-441B-AECF-77034886BF33} = {CD059BCE-7EE8-47A9-AC30-CF2ADBF146D5}
		{44F45119-BA5F-4D31-8228-1304013D9C9E} = {CD059BCE-7EE8-47A9-AC30-CF2ADBF146D5}
		{701BE5F7-8A38-4846-A68B-253A79D24EE9} = {16D38FB4-E43B-4453-AA5F-89E33EC14BB5}
		{CE1C615D-8E55-4D13-9E87-A64D68E83911} = {CD059BCE-7EE8-47A9-AC30-CF2ADBF146D5}
		{9894F8BE-91EC-49E1-93C1-397B2E8E6B53} = {16D38FB4-E43B-4453-AA5F-89E33EC14BB5}
		{44E7FA50-6790-47F2-9788-C8ECCADEE179} = {16D38FB4-E43B-4453-AA5F-89E33EC14BB5}
		{513C5B02-A210-4841-995C-61508099670B} = {CD059BCE-7EE8-47A9-AC30-CF2ADBF146D5}
		{D208A733-44C8-4A5C-BE18-7F176096C2F2} = {CD059BCE-7EE8-47A9-AC30-CF2ADBF146D5}
	EndGlobalSection
	GlobalSection(ExtensibilityGlobals) = postSolution
		SolutionGuid = {2BB89999-C721-4B8F-9452-C1B0EE33C9EB}
	EndGlobalSection
EndGlobal
